
Microsoft Visual Studio Solution File, Format Version 12.00
# Visual Studio Version 17
VisualStudioVersion = 17.7.34031.279
MinimumVisualStudioVersion = 10.0.40219.1
Project("{FAE04EC0-301F-11D3-BF4B-00C04F79EFBC}") = "SharpRODC", "SharpRODC\SharpRODC.csproj", "{D305F8A3-019A-4CDF-909C-069D5B483613}"
EndProject
Global
	GlobalSection(SolutionConfigurationPlatforms) = preSolution
		Debug|Any CPU = Debug|Any CPU
		Release|Any CPU = Release|Any CPU
	EndGlobalSection
	GlobalSection(ProjectConfigurationPlatforms) = postSolution
		{D305F8A3-019A-4CDF-909C-069D5B483613}.Debug|Any CPU.ActiveCfg = Debug|Any CPU
		{D305F8A3-019A-4CDF-909C-069D5B483613}.Debug|Any CPU.Build.0 = Debug|Any CPU
		{D305F8A3-019A-4CDF-909C-069D5B483613}.Release|Any CPU.ActiveCfg = Release|Any CPU
		{D305F8A3-019A-4CDF-909C-069D5B483613}.Release|Any CPU.Build.0 = Release|Any CPU
	EndGlobalSection
	GlobalSection(SolutionProperties) = preSolution
		HideSolutionNode = FALSE
	EndGlobalSection
	GlobalSection(ExtensibilityGlobals) = postSolution
		SolutionGuid = {5CCBEF55-2D1D-4A4B-BB4A-8846853AA0FA}
	EndGlobalSection
EndGlobal
